// !$*UTF8*$!
{
	archiveVersion = 1;
	classes = {
	};
	objectVersion = 48;
	objects = {

/* Begin PBXBuildFile section */
		A9CAB1831FC9749900DDDEBB /* AppDelegate.swift in Sources */ = {isa = PBXBuildFile; fileRef = A9CAB1821FC9749900DDDEBB /* AppDelegate.swift */; };
		A9CAB1851FC9749900DDDEBB /* ViewController.swift in Sources */ = {isa = PBXBuildFile; fileRef = A9CAB1841FC9749900DDDEBB /* ViewController.swift */; };
		A9CAB1881FC9749900DDDEBB /* Main.storyboard in Resources */ = {isa = PBXBuildFile; fileRef = A9CAB1861FC9749900DDDEBB /* Main.storyboard */; };
		A9CAB18A1FC9749900DDDEBB /* Assets.xcassets in Resources */ = {isa = PBXBuildFile; fileRef = A9CAB1891FC9749900DDDEBB /* Assets.xcassets */; };
		A9CAB18D1FC9749900DDDEBB /* LaunchScreen.storyboard in Resources */ = {isa = PBXBuildFile; fileRef = A9CAB18B1FC9749900DDDEBB /* LaunchScreen.storyboard */; };
/* End PBXBuildFile section */

/* Begin PBXFileReference section */
		A9CAB17F1FC9749900DDDEBB /* Chapter03-ImageViewMission.app */ = {isa = PBXFileReference; explicitFileType = wrapper.application; includeInIndex = 0; path = "Chapter03-ImageViewMission.app"; sourceTree = BUILT_PRODUCTS_DIR; };
		A9CAB1821FC9749900DDDEBB /* AppDelegate.swift */ = {isa = PBXFileReference; lastKnownFileType = sourcecode.swift; path = AppDelegate.swift; sourceTree = "<group>"; };
		A9CAB1841FC9749900DDDEBB /* ViewController.swift */ = {isa = PBXFileReference; lastKnownFileType = sourcecode.swift; path = ViewController.swift; sourceTree = "<group>"; };
		A9CAB1871FC9749900DDDEBB /* Base */ = {isa = PBXFileReference; lastKnownFileType = file.storyboard; name = Base; path = Base.lproj/Main.storyboard; sourceTree = "<group>"; };
		A9CAB1891FC9749900DDDEBB /* Assets.xcassets */ = {isa = PBXFileReference; lastKnownFileType = folder.assetcatalog; path = Assets.xcassets; sourceTree = "<group>"; };
		A9CAB18C1FC9749900DDDEBB /* Base */ = {isa = PBXFileReference; lastKnownFileType = file.storyboard; name = Base; path = Base.lproj/LaunchScreen.storyboard; sourceTree = "<group>"; };
		A9CAB18E1FC9749900DDDEBB /* Info.plist */ = {isa = PBXFileReference; lastKnownFileType = text.plist.xml; path = Info.plist; sourceTree = "<group>"; };
/* End PBXFileReference section */

/* Begin PBXFrameworksBuildPhase section */
		A9CAB17C1FC9749900DDDEBB /* Frameworks */ = {
			isa = PBXFrameworksBuildPhase;
			buildActionMask = 2147483647;
			files = (
			);
			runOnlyForDeploymentPostprocessing = 0;
		};
/* End PBXFrameworksBuildPhase section */

/* Begin PBXGroup section */
		A9CAB1761FC9749900DDDEBB = {
			isa = PBXGroup;
			children = (
				A9CAB1811FC9749900DDDEBB /* Chapter03-ImageViewMission */,
				A9CAB1801FC9749900DDDEBB /* Products */,
			);
			sourceTree = "<group>";
		};
		A9CAB1801FC9749900DDDEBB /* Products */ = {
			isa = PBXGroup;
			children = (
				A9CAB17F1FC9749900DDDEBB /* Chapter03-ImageViewMission.app */,
			);
			name = Products;
			sourceTree = "<group>";
		};
		A9CAB1811FC9749900DDDEBB /* Chapter03-ImageViewMission */ = {
			isa = PBXGroup;
			children = (
				A9CAB1821FC9749900DDDEBB /* AppDelegate.swift */,
				A9CAB1841FC9749900DDDEBB /* ViewController.swift */,
				A9CAB1861FC9749900DDDEBB /* Main.storyboard */,
				A9CAB1891FC9749900DDDEBB /* Assets.xcassets */,
				A9CAB18B1FC9749900DDDEBB /* LaunchScreen.storyboard */,
				A9CAB18E1FC9749900DDDEBB /* Info.plist */,
			);
			path = "Chapter03-ImageViewMission";
			sourceTree = "<group>";
		};
/* End PBXGroup section */

/* Begin PBXNativeTarget section */
		A9CAB17E1FC9749900DDDEBB /* Chapter03-ImageViewMission */ = {
			isa = PBXNativeTarget;
			buildConfigurationList = A9CAB1911FC9749900DDDEBB /* Build configuration list for PBXNativeTarget "Chapter03-ImageViewMission" */;
			buildPhases = (
				A9CAB17B1FC9749900DDDEBB /* Sources */,
				A9CAB17C1FC9749900DDDEBB /* Frameworks */,
				A9CAB17D1FC9749900DDDEBB /* Resources */,
			);
			buildRules = (
			);
			dependencies = (
			);
			name = "Chapter03-ImageViewMission";
			productName = "Chapter03-ImageViewMission";
			productReference = A9CAB17F1FC9749900DDDEBB /* Chapter03-ImageViewMission.app */;
			productType = "com.apple.product-type.application";
		};
/* End PBXNativeTarget section */

/* Begin PBXProject section */
		A9CAB1771FC9749900DDDEBB /* Project object */ = {
			isa = PBXProject;
			attributes = {
				LastSwiftUpdateCheck = 0900;
				LastUpgradeCheck = 0900;
				ORGANIZATIONNAME = "그린아카데미";
				TargetAttributes = {
					A9CAB17E1FC9749900DDDEBB = {
						CreatedOnToolsVersion = 9.0;
						ProvisioningStyle = Automatic;
					};
				};
			};
			buildConfigurationList = A9CAB17A1FC9749900DDDEBB /* Build configuration list for PBXProject "Chapter03-ImageViewMission" */;
			compatibilityVersion = "Xcode 8.0";
			developmentRegion = en;
			hasScannedForEncodings = 0;
			knownRegions = (
				en,
				Base,
			);
			mainGroup = A9CAB1761FC9749900DDDEBB;
			productRefGroup = A9CAB1801FC9749900DDDEBB /* Products */;
			projectDirPath = "";
			projectRoot = "";
			targets = (
				A9CAB17E1FC9749900DDDEBB /* Chapter03-ImageViewMission */,
			);
		};
/* End PBXProject section */

/* Begin PBXResourcesBuildPhase section */
		A9CAB17D1FC9749900DDDEBB /* Resources */ = {
			isa = PBXResourcesBuildPhase;
			buildActionMask = 2147483647;
			files = (
				A9CAB18D1FC9749900DDDEBB /* LaunchScreen.storyboard in Resources */,
				A9CAB18A1FC9749900DDDEBB /* Assets.xcassets in Resources */,
				A9CAB1881FC9749900DDDEBB /* Main.storyboard in Resources */,
			);
			runOnlyForDeploymentPostprocessing = 0;
		};
/* End PBXResourcesBuildPhase section */

/* Begin PBXSourcesBuildPhase section */
		A9CAB17B1FC9749900DDDEBB /* Sources */ = {
			isa = PBXSourcesBuildPhase;
			buildActionMask = 2147483647;
			files = (
				A9CAB1851FC9749900DDDEBB /* ViewController.swift in Sources */,
				A9CAB1831FC9749900DDDEBB /* AppDelegate.swift in Sources */,
			);
			runOnlyForDeploymentPostprocessing = 0;
		};
/* End PBXSourcesBuildPhase section */

/* Begin PBXVariantGroup section */
		A9CAB1861FC9749900DDDEBB /* Main.storyboard */ = {
			isa = PBXVariantGroup;
			children = (
				A9CAB1871FC9749900DDDEBB /* Base */,
			);
			name = Main.storyboard;
			sourceTree = "<group>";
		};
		A9CAB18B1FC9749900DDDEBB /* LaunchScreen.storyboard */ = {
			isa = PBXVariantGroup;
			children = (
				A9CAB18C1FC9749900DDDEBB /* Base */,
			);
			name = LaunchScreen.storyboard;
			sourceTree = "<group>";
		};
/* End PBXVariantGroup section */

/* Begin XCBuildConfiguration section */
		A9CAB18F1FC9749900DDDEBB /* Debug */ = {
			isa = XCBuildConfiguration;
			buildSettings = {
				ALWAYS_SEARCH_USER_PATHS = NO;
				CLANG_ANALYZER_NONNULL = YES;
				CLANG_ANALYZER_NUMBER_OBJECT_CONVERSION = YES_AGGRESSIVE;
				CLANG_CXX_LANGUAGE_STANDARD = "gnu++14";
				CLANG_CXX_LIBRARY = "libc++";
				CLANG_ENABLE_MODULES = YES;
				CLANG_ENABLE_OBJC_ARC = YES;
				CLANG_WARN_BLOCK_CAPTURE_AUTORELEASING = YES;
				CLANG_WARN_BOOL_CONVERSION = YES;
				CLANG_WARN_COMMA = YES;
				CLANG_WARN_CONSTANT_CONVERSION = YES;
				CLANG_WARN_DIRECT_OBJC_ISA_USAGE = YES_ERROR;
				CLANG_WARN_DOCUMENTATION_COMMENTS = YES;
				CLANG_WARN_EMPTY_BODY = YES;
				CLANG_WARN_ENUM_CONVERSION = YES;
				CLANG_WARN_INFINITE_RECURSION = YES;
				CLANG_WARN_INT_CONVERSION = YES;
				CLANG_WARN_NON_LITERAL_NULL_CONVERSION = YES;
				CLANG_WARN_OBJC_LITERAL_CONVERSION = YES;
				CLANG_WARN_OBJC_ROOT_CLASS = YES_ERROR;
				CLANG_WARN_RANGE_LOOP_ANALYSIS = YES;
				CLANG_WARN_STRICT_PROTOTYPES = YES;
				CLANG_WARN_SUSPICIOUS_MOVE = YES;
				CLANG_WARN_UNGUARDED_AVAILABILITY = YES_AGGRESSIVE;
				CLANG_WARN_UNREACHABLE_CODE = YES;
				CLANG_WARN__DUPLICATE_METHOD_MATCH = YES;
				CODE_SIGN_IDENTITY = "iPhone Developer";
				COPY_PHASE_STRIP = NO;
				DEBUG_INFORMATION_FORMAT = dwarf;
				ENABLE_STRICT_OBJC_MSGSEND = YES;
				ENABLE_TESTABILITY = YES;
				GCC_C_LANGUAGE_STANDARD = gnu11;
				GCC_DYNAMIC_NO_PIC = NO;
				GCC_NO_COMMON_BLOCKS = YES;
				GCC_OPTIMIZATION_LEVEL = 0;
				GCC_PREPROCESSOR_DEFINITIONS = (
					"DEBUG=1",
					"$(inherited)",
				);
				GCC_WARN_64_TO_32_BIT_CONVERSION = YES;
				GCC_WARN_ABOUT_RETURN_TYPE = YES_ERROR;
				GCC_WARN_UNDECLARED_SELECTOR = YES;
				GCC_WARN_UNINITIALIZED_AUTOS = YES_AGGRESSIVE;
				GCC_WARN_UNUSED_FUNCTION = YES;
				GCC_WARN_UNUSED_VARIABLE = YES;
				IPHONEOS_DEPLOYMENT_TARGET = 11.0;
				MTL_ENABLE_DEBUG_INFO = YES;
				ONLY_ACTIVE_ARCH = YES;
				SDKROOT = iphoneos;
				SWIFT_ACTIVE_COMPILATION_CONDITIONS = DEBUG;
				SWIFT_OPTIMIZATION_LEVEL = "-Onone";
			};
			name = Debug;
		};
		A9CAB1901FC9749900DDDEBB /* Release */ = {
			isa = XCBuildConfiguration;
			buildSettings = {
				ALWAYS_SEARCH_USER_PATHS = NO;
				CLANG_ANALYZER_NONNULL = YES;
				CLANG_ANALYZER_NUMBER_OBJECT_CONVERSION = YES_AGGRESSIVE;
				CLANG_CXX_LANGUAGE_STANDARD = "gnu++14";
				CLANG_CXX_LIBRARY = "libc++";
				CLANG_ENABLE_MODULES = YES;
				CLANG_ENABLE_OBJC_ARC = YES;
				CLANG_WARN_BLOCK_CAPTURE_AUTORELEASING = YES;
				CLANG_WARN_BOOL_CONVERSION = YES;
				CLANG_WARN_COMMA = YES;
				CLANG_WARN_CONSTANT_CONVERSION = YES;
				CLANG_WARN_DIRECT_OBJC_ISA_USAGE = YES_ERROR;
				CLANG_WARN_DOCUMENTATION_COMMENTS = YES;
				CLANG_WARN_EMPTY_BODY = YES;
				CLANG_WARN_ENUM_CONVERSION = YES;
				CLANG_WARN_INFINITE_RECURSION = YES;
				CLANG_WARN_INT_CONVERSION = YES;
				CLANG_WARN_NON_LITERAL_NULL_CONVERSION = YES;
				CLANG_WARN_OBJC_LITERAL_CONVERSION = YES;
				CLANG_WARN_OBJC_ROOT_CLASS = YES_ERROR;
				CLANG_WARN_RANGE_LOOP_ANALYSIS = YES;
				CLANG_WARN_STRICT_PROTOTYPES = YES;
				CLANG_WARN_SUSPICIOUS_MOVE = YES;
				CLANG_WARN_UNGUARDED_AVAILABILITY = YES_AGGRESSIVE;
				CLANG_WARN_UNREACHABLE_CODE = YES;
				CLANG_WARN__DUPLICATE_METHOD_MATCH = YES;
				CODE_SIGN_IDENTITY = "iPhone Developer";
				COPY_PHASE_STRIP = NO;
				DEBUG_INFORMATION_FORMAT = "dwarf-with-dsym";
				ENABLE_NS_ASSERTIONS = NO;
				ENABLE_STRICT_OBJC_MSGSEND = YES;
				GCC_C_LANGUAGE_STANDARD = gnu11;
				GCC_NO_COMMON_BLOCKS = YES;
				GCC_WARN_64_TO_32_BIT_CONVERSION = YES;
				GCC_WARN_ABOUT_RETURN_TYPE = YES_ERROR;
				GCC_WARN_UNDECLARED_SELECTOR = YES;
				GCC_WARN_UNINITIALIZED_AUTOS = YES_AGGRESSIVE;
				GCC_WARN_UNUSED_FUNCTION = YES;
				GCC_WARN_UNUSED_VARIABLE = YES;
				IPHONEOS_DEPLOYMENT_TARGET = 11.0;
				MTL_ENABLE_DEBUG_INFO = NO;
				SDKROOT = iphoneos;
				SWIFT_OPTIMIZATION_LEVEL = "-Owholemodule";
				VALIDATE_PRODUCT = YES;
			};
			name = Release;
		};
		A9CAB1921FC9749900DDDEBB /* Debug */ = {
			isa = XCBuildConfiguration;
			buildSettings = {
				ASSETCATALOG_COMPILER_APPICON_NAME = AppIcon;
				CODE_SIGN_STYLE = Automatic;
				INFOPLIST_FILE = "Chapter03-ImageViewMission/Info.plist";
				LD_RUNPATH_SEARCH_PATHS = "$(inherited) @executable_path/Frameworks";
				PRODUCT_BUNDLE_IDENTIFIER = "com.apple.Chapter03-ImageViewMission";
				PRODUCT_NAME = "$(TARGET_NAME)";
				SWIFT_VERSION = 4.0;
				TARGETED_DEVICE_FAMILY = "1,2";
			};
			name = Debug;
		};
		A9CAB1931FC9749900DDDEBB /* Release */ = {
			isa = XCBuildConfiguration;
			buildSettings = {
				ASSETCATALOG_COMPILER_APPICON_NAME = AppIcon;
				CODE_SIGN_STYLE = Automatic;
				INFOPLIST_FILE = "Chapter03-ImageViewMission/Info.plist";
				LD_RUNPATH_SEARCH_PATHS = "$(inherited) @executable_path/Frameworks";
				PRODUCT_BUNDLE_IDENTIFIER = "com.apple.Chapter03-ImageViewMission";
				PRODUCT_NAME = "$(TARGET_NAME)";
				SWIFT_VERSION = 4.0;
				TARGETED_DEVICE_FAMILY = "1,2";
			};
			name = Release;
		};
/* End XCBuildConfiguration section */

/* Begin XCConfigurationList section */
		A9CAB17A1FC9749900DDDEBB /* Build configuration list for PBXProject "Chapter03-ImageViewMission" */ = {
			isa = XCConfigurationList;
			buildConfigurations = (
				A9CAB18F1FC9749900DDDEBB /* Debug */,
				A9CAB1901FC9749900DDDEBB /* Release */,
			);
			defaultConfigurationIsVisible = 0;
			defaultConfigurationName = Release;
		};
		A9CAB1911FC9749900DDDEBB /* Build configuration list for PBXNativeTarget "Chapter03-ImageViewMission" */ = {
			isa = XCConfigurationList;
			buildConfigurations = (
				A9CAB1921FC9749900DDDEBB /* Debug */,
				A9CAB1931FC9749900DDDEBB /* Release */,
			);
			defaultConfigurationIsVisible = 0;
			defaultConfigurationName = Release;
		};
/* End XCConfigurationList section */
	};
	rootObject = A9CAB1771FC9749900DDDEBB /* Project object */;
}
